
Microsoft Visual Studio Solution File, Format Version 12.00
# Visual Studio Version 16
VisualStudioVersion = 16.0.30621.155
MinimumVisualStudioVersion = 10.0.40219.1
Project("{FAE04EC0-301F-11D3-BF4B-00C04F79EFBC}") = "AzGitdeployApp", "AzGitdeployApp.csproj", "{83EFABE3-BB2D-4C07-834F-583104810557}"
EndProject
Global
	GlobalSection(SolutionConfigurationPlatforms) = preSolution
		Debug|Any CPU = Debug|Any CPU
		Release|Any CPU = Release|Any CPU
	EndGlobalSection
	GlobalSection(ProjectConfigurationPlatforms) = postSolution
		{83EFABE3-BB2D-4C07-834F-583104810557}.Debug|Any CPU.ActiveCfg = Debug|Any CPU
		{83EFABE3-BB2D-4C07-834F-583104810557}.Debug|Any CPU.Build.0 = Debug|Any CPU
		{83EFABE3-BB2D-4C07-834F-583104810557}.Release|Any CPU.ActiveCfg = Release|Any CPU
		{83EFABE3-BB2D-4C07-834F-583104810557}.Release|Any CPU.Build.0 = Release|Any CPU
	EndGlobalSection
	GlobalSection(SolutionProperties) = preSolution
		HideSolutionNode = FALSE
	EndGlobalSection
	GlobalSection(ExtensibilityGlobals) = postSolution
		SolutionGuid = {7EC8B669-541B-42E3-91DD-D0CB533C0F6F}
	EndGlobalSection
EndGlobal
